// !$*UTF8*$!
{
	archiveVersion = 1;
	classes = {
	};
	objectVersion = 50;
	objects = {

/* Begin PBXBuildFile section */
		494C9F3021066B4F003097F7 /* AppDelegate.swift in Sources */ = {isa = PBXBuildFile; fileRef = 494C9F2F21066B4F003097F7 /* AppDelegate.swift */; };
		494C9F3221066B51003097F7 /* Assets.xcassets in Resources */ = {isa = PBXBuildFile; fileRef = 494C9F3121066B51003097F7 /* Assets.xcassets */; };
		494C9F3521066B51003097F7 /* MainMenu.xib in Resources */ = {isa = PBXBuildFile; fileRef = 494C9F3321066B51003097F7 /* MainMenu.xib */; };
		494C9F4121066B51003097F7 /* FullTextSearchTests.swift in Sources */ = {isa = PBXBuildFile; fileRef = 494C9F4021066B51003097F7 /* FullTextSearchTests.swift */; };
/* End PBXBuildFile section */

/* Begin PBXContainerItemProxy section */
		494C9F3D21066B51003097F7 /* PBXContainerItemProxy */ = {
			isa = PBXContainerItemProxy;
			containerPortal = 494C9F2421066B4F003097F7 /* Project object */;
			proxyType = 1;
			remoteGlobalIDString = 494C9F2B21066B4F003097F7;
			remoteInfo = FullTextSearch;
		};
/* End PBXContainerItemProxy section */

/* Begin PBXFileReference section */
		494C9F2C21066B4F003097F7 /* FullTextSearch.app */ = {isa = PBXFileReference; explicitFileType = wrapper.application; includeInIndex = 0; path = FullTextSearch.app; sourceTree = BUILT_PRODUCTS_DIR; };
		494C9F2F21066B4F003097F7 /* AppDelegate.swift */ = {isa = PBXFileReference; lastKnownFileType = sourcecode.swift; path = AppDelegate.swift; sourceTree = "<group>"; };
		494C9F3121066B51003097F7 /* Assets.xcassets */ = {isa = PBXFileReference; lastKnownFileType = folder.assetcatalog; path = Assets.xcassets; sourceTree = "<group>"; };
		494C9F3421066B51003097F7 /* Base */ = {isa = PBXFileReference; lastKnownFileType = file.xib; name = Base; path = Base.lproj/MainMenu.xib; sourceTree = "<group>"; };
		494C9F3621066B51003097F7 /* Info.plist */ = {isa = PBXFileReference; lastKnownFileType = text.plist.xml; path = Info.plist; sourceTree = "<group>"; };
		494C9F3721066B51003097F7 /* FullTextSearch.entitlements */ = {isa = PBXFileReference; lastKnownFileType = text.plist.entitlements; path = FullTextSearch.entitlements; sourceTree = "<group>"; };
		494C9F3C21066B51003097F7 /* FullTextSearchTests.xctest */ = {isa = PBXFileReference; explicitFileType = wrapper.cfbundle; includeInIndex = 0; path = FullTextSearchTests.xctest; sourceTree = BUILT_PRODUCTS_DIR; };
		494C9F4021066B51003097F7 /* FullTextSearchTests.swift */ = {isa = PBXFileReference; lastKnownFileType = sourcecode.swift; path = FullTextSearchTests.swift; sourceTree = "<group>"; };
		494C9F4221066B51003097F7 /* Info.plist */ = {isa = PBXFileReference; lastKnownFileType = text.plist.xml; path = Info.plist; sourceTree = "<group>"; };
/* End PBXFileReference section */

/* Begin PBXFrameworksBuildPhase section */
		494C9F2921066B4F003097F7 /* Frameworks */ = {
			isa = PBXFrameworksBuildPhase;
			buildActionMask = 2147483647;
			files = (
			);
			runOnlyForDeploymentPostprocessing = 0;
		};
		494C9F3921066B51003097F7 /* Frameworks */ = {
			isa = PBXFrameworksBuildPhase;
			buildActionMask = 2147483647;
			files = (
			);
			runOnlyForDeploymentPostprocessing = 0;
		};
/* End PBXFrameworksBuildPhase section */

/* Begin PBXGroup section */
		494C9F2321066B4F003097F7 = {
			isa = PBXGroup;
			children = (
				494C9F2E21066B4F003097F7 /* FullTextSearch */,
				494C9F3F21066B51003097F7 /* FullTextSearchTests */,
				494C9F2D21066B4F003097F7 /* Products */,
			);
			sourceTree = "<group>";
		};
		494C9F2D21066B4F003097F7 /* Products */ = {
			isa = PBXGroup;
			children = (
				494C9F2C21066B4F003097F7 /* FullTextSearch.app */,
				494C9F3C21066B51003097F7 /* FullTextSearchTests.xctest */,
			);
			name = Products;
			sourceTree = "<group>";
		};
		494C9F2E21066B4F003097F7 /* FullTextSearch */ = {
			isa = PBXGroup;
			children = (
				494C9F2F21066B4F003097F7 /* AppDelegate.swift */,
				494C9F3121066B51003097F7 /* Assets.xcassets */,
				494C9F3321066B51003097F7 /* MainMenu.xib */,
				494C9F3621066B51003097F7 /* Info.plist */,
				494C9F3721066B51003097F7 /* FullTextSearch.entitlements */,
			);
			path = FullTextSearch;
			sourceTree = "<group>";
		};
		494C9F3F21066B51003097F7 /* FullTextSearchTests */ = {
			isa = PBXGroup;
			children = (
				494C9F4021066B51003097F7 /* FullTextSearchTests.swift */,
				494C9F4221066B51003097F7 /* Info.plist */,
			);
			path = FullTextSearchTests;
			sourceTree = "<group>";
		};
/* End PBXGroup section */

/* Begin PBXNativeTarget section */
		494C9F2B21066B4F003097F7 /* FullTextSearch */ = {
			isa = PBXNativeTarget;
			buildConfigurationList = 494C9F4521066B51003097F7 /* Build configuration list for PBXNativeTarget "FullTextSearch" */;
			buildPhases = (
				494C9F2821066B4F003097F7 /* Sources */,
				494C9F2921066B4F003097F7 /* Frameworks */,
				494C9F2A21066B4F003097F7 /* Resources */,
			);
			buildRules = (
			);
			dependencies = (
			);
			name = FullTextSearch;
			productName = FullTextSearch;
			productReference = 494C9F2C21066B4F003097F7 /* FullTextSearch.app */;
			productType = "com.apple.product-type.application";
		};
		494C9F3B21066B51003097F7 /* FullTextSearchTests */ = {
			isa = PBXNativeTarget;
			buildConfigurationList = 494C9F4821066B51003097F7 /* Build configuration list for PBXNativeTarget "FullTextSearchTests" */;
			buildPhases = (
				494C9F3821066B51003097F7 /* Sources */,
				494C9F3921066B51003097F7 /* Frameworks */,
				494C9F3A21066B51003097F7 /* Resources */,
			);
			buildRules = (
			);
			dependencies = (
				494C9F3E21066B51003097F7 /* PBXTargetDependency */,
			);
			name = FullTextSearchTests;
			productName = FullTextSearchTests;
			productReference = 494C9F3C21066B51003097F7 /* FullTextSearchTests.xctest */;
			productType = "com.apple.product-type.bundle.unit-test";
		};
/* End PBXNativeTarget section */

/* Begin PBXProject section */
		494C9F2421066B4F003097F7 /* Project object */ = {
			isa = PBXProject;
			attributes = {
				LastSwiftUpdateCheck = 0940;
				LastUpgradeCheck = 0940;
				ORGANIZATIONNAME = "Bas van der Hoek";
				TargetAttributes = {
					494C9F2B21066B4F003097F7 = {
						CreatedOnToolsVersion = 9.4.1;
					};
					494C9F3B21066B51003097F7 = {
						CreatedOnToolsVersion = 9.4.1;
						TestTargetID = 494C9F2B21066B4F003097F7;
					};
				};
			};
			buildConfigurationList = 494C9F2721066B4F003097F7 /* Build configuration list for PBXProject "FullTextSearch" */;
			compatibilityVersion = "Xcode 9.3";
			developmentRegion = en;
			hasScannedForEncodings = 0;
			knownRegions = (
				en,
				Base,
			);
			mainGroup = 494C9F2321066B4F003097F7;
			productRefGroup = 494C9F2D21066B4F003097F7 /* Products */;
			projectDirPath = "";
			projectRoot = "";
			targets = (
				494C9F2B21066B4F003097F7 /* FullTextSearch */,
				494C9F3B21066B51003097F7 /* FullTextSearchTests */,
			);
		};
/* End PBXProject section */

/* Begin PBXResourcesBuildPhase section */
		494C9F2A21066B4F003097F7 /* Resources */ = {
			isa = PBXResourcesBuildPhase;
			buildActionMask = 2147483647;
			files = (
				494C9F3221066B51003097F7 /* Assets.xcassets in Resources */,
				494C9F3521066B51003097F7 /* MainMenu.xib in Resources */,
			);
			runOnlyForDeploymentPostprocessing = 0;
		};
		494C9F3A21066B51003097F7 /* Resources */ = {
			isa = PBXResourcesBuildPhase;
			buildActionMask = 2147483647;
			files = (
			);
			runOnlyForDeploymentPostprocessing = 0;
		};
/* End PBXResourcesBuildPhase section */

/* Begin PBXSourcesBuildPhase section */
		494C9F2821066B4F003097F7 /* Sources */ = {
			isa = PBXSourcesBuildPhase;
			buildActionMask = 2147483647;
			files = (
				494C9F3021066B4F003097F7 /* AppDelegate.swift in Sources */,
			);
			runOnlyForDeploymentPostprocessing = 0;
		};
		494C9F3821066B51003097F7 /* Sources */ = {
			isa = PBXSourcesBuildPhase;
			buildActionMask = 2147483647;
			files = (
				494C9F4121066B51003097F7 /* FullTextSearchTests.swift in Sources */,
			);
			runOnlyForDeploymentPostprocessing = 0;
		};
/* End PBXSourcesBuildPhase section */

/* Begin PBXTargetDependency section */
		494C9F3E21066B51003097F7 /* PBXTargetDependency */ = {
			isa = PBXTargetDependency;
			target = 494C9F2B21066B4F003097F7 /* FullTextSearch */;
			targetProxy = 494C9F3D21066B51003097F7 /* PBXContainerItemProxy */;
		};
/* End PBXTargetDependency section */

/* Begin PBXVariantGroup section */
		494C9F3321066B51003097F7 /* MainMenu.xib */ = {
			isa = PBXVariantGroup;
			children = (
				494C9F3421066B51003097F7 /* Base */,
			);
			name = MainMenu.xib;
			sourceTree = "<group>";
		};
/* End PBXVariantGroup section */

/* Begin XCBuildConfiguration section */
		494C9F4321066B51003097F7 /* Debug */ = {
			isa = XCBuildConfiguration;
			buildSettings = {
				ALWAYS_SEARCH_USER_PATHS = NO;
				CLANG_ANALYZER_NONNULL = YES;
				CLANG_ANALYZER_NUMBER_OBJECT_CONVERSION = YES_AGGRESSIVE;
				CLANG_CXX_LANGUAGE_STANDARD = "gnu++14";
				CLANG_CXX_LIBRARY = "libc++";
				CLANG_ENABLE_MODULES = YES;
				CLANG_ENABLE_OBJC_ARC = YES;
				CLANG_ENABLE_OBJC_WEAK = YES;
				CLANG_WARN_BLOCK_CAPTURE_AUTORELEASING = YES;
				CLANG_WARN_BOOL_CONVERSION = YES;
				CLANG_WARN_COMMA = YES;
				CLANG_WARN_CONSTANT_CONVERSION = YES;
				CLANG_WARN_DEPRECATED_OBJC_IMPLEMENTATIONS = YES;
				CLANG_WARN_DIRECT_OBJC_ISA_USAGE = YES_ERROR;
				CLANG_WARN_DOCUMENTATION_COMMENTS = YES;
				CLANG_WARN_EMPTY_BODY = YES;
				CLANG_WARN_ENUM_CONVERSION = YES;
				CLANG_WARN_INFINITE_RECURSION = YES;
				CLANG_WARN_INT_CONVERSION = YES;
				CLANG_WARN_NON_LITERAL_NULL_CONVERSION = YES;
				CLANG_WARN_OBJC_IMPLICIT_RETAIN_SELF = YES;
				CLANG_WARN_OBJC_LITERAL_CONVERSION = YES;
				CLANG_WARN_OBJC_ROOT_CLASS = YES_ERROR;
				CLANG_WARN_RANGE_LOOP_ANALYSIS = YES;
				CLANG_WARN_STRICT_PROTOTYPES = YES;
				CLANG_WARN_SUSPICIOUS_MOVE = YES;
				CLANG_WARN_UNGUARDED_AVAILABILITY = YES_AGGRESSIVE;
				CLANG_WARN_UNREACHABLE_CODE = YES;
				CLANG_WARN__DUPLICATE_METHOD_MATCH = YES;
				CODE_SIGN_IDENTITY = "Mac Developer";
				COPY_PHASE_STRIP = NO;
				DEBUG_INFORMATION_FORMAT = dwarf;
				ENABLE_STRICT_OBJC_MSGSEND = YES;
				ENABLE_TESTABILITY = YES;
				GCC_C_LANGUAGE_STANDARD = gnu11;
				GCC_DYNAMIC_NO_PIC = NO;
				GCC_NO_COMMON_BLOCKS = YES;
				GCC_OPTIMIZATION_LEVEL = 0;
				GCC_PREPROCESSOR_DEFINITIONS = (
					"DEBUG=1",
					"$(inherited)",
				);
				GCC_WARN_64_TO_32_BIT_CONVERSION = YES;
				GCC_WARN_ABOUT_RETURN_TYPE = YES_ERROR;
				GCC_WARN_UNDECLARED_SELECTOR = YES;
				GCC_WARN_UNINITIALIZED_AUTOS = YES_AGGRESSIVE;
				GCC_WARN_UNUSED_FUNCTION = YES;
				GCC_WARN_UNUSED_VARIABLE = YES;
				MACOSX_DEPLOYMENT_TARGET = 10.13;
				MTL_ENABLE_DEBUG_INFO = YES;
				ONLY_ACTIVE_ARCH = YES;
				SDKROOT = macosx;
				SWIFT_ACTIVE_COMPILATION_CONDITIONS = DEBUG;
				SWIFT_OPTIMIZATION_LEVEL = "-Onone";
			};
			name = Debug;
		};
		494C9F4421066B51003097F7 /* Release */ = {
			isa = XCBuildConfiguration;
			buildSettings = {
				ALWAYS_SEARCH_USER_PATHS = NO;
				CLANG_ANALYZER_NONNULL = YES;
				CLANG_ANALYZER_NUMBER_OBJECT_CONVERSION = YES_AGGRESSIVE;
				CLANG_CXX_LANGUAGE_STANDARD = "gnu++14";
				CLANG_CXX_LIBRARY = "libc++";
				CLANG_ENABLE_MODULES = YES;
				CLANG_ENABLE_OBJC_ARC = YES;
				CLANG_ENABLE_OBJC_WEAK = YES;
				CLANG_WARN_BLOCK_CAPTURE_AUTORELEASING = YES;
				CLANG_WARN_BOOL_CONVERSION = YES;
				CLANG_WARN_COMMA = YES;
				CLANG_WARN_CONSTANT_CONVERSION = YES;
				CLANG_WARN_DEPRECATED_OBJC_IMPLEMENTATIONS = YES;
				CLANG_WARN_DIRECT_OBJC_ISA_USAGE = YES_ERROR;
				CLANG_WARN_DOCUMENTATION_COMMENTS = YES;
				CLANG_WARN_EMPTY_BODY = YES;
				CLANG_WARN_ENUM_CONVERSION = YES;
				CLANG_WARN_INFINITE_RECURSION = YES;
				CLANG_WARN_INT_CONVERSION = YES;
				CLANG_WARN_NON_LITERAL_NULL_CONVERSION = YES;
				CLANG_WARN_OBJC_IMPLICIT_RETAIN_SELF = YES;
				CLANG_WARN_OBJC_LITERAL_CONVERSION = YES;
				CLANG_WARN_OBJC_ROOT_CLASS = YES_ERROR;
				CLANG_WARN_RANGE_LOOP_ANALYSIS = YES;
				CLANG_WARN_STRICT_PROTOTYPES = YES;
				CLANG_WARN_SUSPICIOUS_MOVE = YES;
				CLANG_WARN_UNGUARDED_AVAILABILITY = YES_AGGRESSIVE;
				CLANG_WARN_UNREACHABLE_CODE = YES;
				CLANG_WARN__DUPLICATE_METHOD_MATCH = YES;
				CODE_SIGN_IDENTITY = "Mac Developer";
				COPY_PHASE_STRIP = NO;
				DEBUG_INFORMATION_FORMAT = "dwarf-with-dsym";
				ENABLE_NS_ASSERTIONS = NO;
				ENABLE_STRICT_OBJC_MSGSEND = YES;
				GCC_C_LANGUAGE_STANDARD = gnu11;
				GCC_NO_COMMON_BLOCKS = YES;
				GCC_WARN_64_TO_32_BIT_CONVERSION = YES;
				GCC_WARN_ABOUT_RETURN_TYPE = YES_ERROR;
				GCC_WARN_UNDECLARED_SELECTOR = YES;
				GCC_WARN_UNINITIALIZED_AUTOS = YES_AGGRESSIVE;
				GCC_WARN_UNUSED_FUNCTION = YES;
				GCC_WARN_UNUSED_VARIABLE = YES;
				MACOSX_DEPLOYMENT_TARGET = 10.13;
				MTL_ENABLE_DEBUG_INFO = NO;
				SDKROOT = macosx;
				SWIFT_COMPILATION_MODE = wholemodule;
				SWIFT_OPTIMIZATION_LEVEL = "-O";
			};
			name = Release;
		};
		494C9F4621066B51003097F7 /* Debug */ = {
			isa = XCBuildConfiguration;
			buildSettings = {
				ASSETCATALOG_COMPILER_APPICON_NAME = AppIcon;
				CODE_SIGN_ENTITLEMENTS = FullTextSearch/FullTextSearch.entitlements;
				CODE_SIGN_STYLE = Automatic;
				COMBINE_HIDPI_IMAGES = YES;
				DEVELOPMENT_TEAM = 49PF4HXKBW;
				INFOPLIST_FILE = FullTextSearch/Info.plist;
				LD_RUNPATH_SEARCH_PATHS = (
					"$(inherited)",
					"@executable_path/../Frameworks",
				);
				PRODUCT_BUNDLE_IDENTIFIER = com.hoek.FullTextSearch;
				PRODUCT_NAME = "$(TARGET_NAME)";
				SWIFT_VERSION = 4.0;
			};
			name = Debug;
		};
		494C9F4721066B51003097F7 /* Release */ = {
			isa = XCBuildConfiguration;
			buildSettings = {
				ASSETCATALOG_COMPILER_APPICON_NAME = AppIcon;
				CODE_SIGN_ENTITLEMENTS = FullTextSearch/FullTextSearch.entitlements;
				CODE_SIGN_STYLE = Automatic;
				COMBINE_HIDPI_IMAGES = YES;
				DEVELOPMENT_TEAM = 49PF4HXKBW;
				INFOPLIST_FILE = FullTextSearch/Info.plist;
				LD_RUNPATH_SEARCH_PATHS = (
					"$(inherited)",
					"@executable_path/../Frameworks",
				);
				PRODUCT_BUNDLE_IDENTIFIER = com.hoek.FullTextSearch;
				PRODUCT_NAME = "$(TARGET_NAME)";
				SWIFT_VERSION = 4.0;
			};
			name = Release;
		};
		494C9F4921066B51003097F7 /* Debug */ = {
			isa = XCBuildConfiguration;
			buildSettings = {
				ALWAYS_EMBED_SWIFT_STANDARD_LIBRARIES = YES;
				BUNDLE_LOADER = "$(TEST_HOST)";
				CODE_SIGN_STYLE = Automatic;
				COMBINE_HIDPI_IMAGES = YES;
				DEVELOPMENT_TEAM = 49PF4HXKBW;
				INFOPLIST_FILE = FullTextSearchTests/Info.plist;
				LD_RUNPATH_SEARCH_PATHS = (
					"$(inherited)",
					"@executable_path/../Frameworks",
					"@loader_path/../Frameworks",
				);
				PRODUCT_BUNDLE_IDENTIFIER = com.hoek.FullTextSearchTests;
				PRODUCT_NAME = "$(TARGET_NAME)";
				SWIFT_VERSION = 4.0;
				TEST_HOST = "$(BUILT_PRODUCTS_DIR)/FullTextSearch.app/Contents/MacOS/FullTextSearch";
			};
			name = Debug;
		};
		494C9F4A21066B51003097F7 /* Release */ = {
			isa = XCBuildConfiguration;
			buildSettings = {
				ALWAYS_EMBED_SWIFT_STANDARD_LIBRARIES = YES;
				BUNDLE_LOADER = "$(TEST_HOST)";
				CODE_SIGN_STYLE = Automatic;
				COMBINE_HIDPI_IMAGES = YES;
				DEVELOPMENT_TEAM = 49PF4HXKBW;
				INFOPLIST_FILE = FullTextSearchTests/Info.plist;
				LD_RUNPATH_SEARCH_PATHS = (
					"$(inherited)",
					"@executable_path/../Frameworks",
					"@loader_path/../Frameworks",
				);
				PRODUCT_BUNDLE_IDENTIFIER = com.hoek.FullTextSearchTests;
				PRODUCT_NAME = "$(TARGET_NAME)";
				SWIFT_VERSION = 4.0;
				TEST_HOST = "$(BUILT_PRODUCTS_DIR)/FullTextSearch.app/Contents/MacOS/FullTextSearch";
			};
			name = Release;
		};
/* End XCBuildConfiguration section */

/* Begin XCConfigurationList section */
		494C9F2721066B4F003097F7 /* Build configuration list for PBXProject "FullTextSearch" */ = {
			isa = XCConfigurationList;
			buildConfigurations = (
				494C9F4321066B51003097F7 /* Debug */,
				494C9F4421066B51003097F7 /* Release */,
			);
			defaultConfigurationIsVisible = 0;
			defaultConfigurationName = Release;
		};
		494C9F4521066B51003097F7 /* Build configuration list for PBXNativeTarget "FullTextSearch" */ = {
			isa = XCConfigurationList;
			buildConfigurations = (
				494C9F4621066B51003097F7 /* Debug */,
				494C9F4721066B51003097F7 /* Release */,
			);
			defaultConfigurationIsVisible = 0;
			defaultConfigurationName = Release;
		};
		494C9F4821066B51003097F7 /* Build configuration list for PBXNativeTarget "FullTextSearchTests" */ = {
			isa = XCConfigurationList;
			buildConfigurations = (
				494C9F4921066B51003097F7 /* Debug */,
				494C9F4A21066B51003097F7 /* Release */,
			);
			defaultConfigurationIsVisible = 0;
			defaultConfigurationName = Release;
		};
/* End XCConfigurationList section */
	};
	rootObject = 494C9F2421066B4F003097F7 /* Project object */;
}
